# This file was autogenerated by Stack.
# You should not edit this file by hand.
# For more information, please see the documentation at:
#   https://docs.haskellstack.org/en/stable/lock_files

packages:
- completed:
    hackage: argparser-0.3.4@sha256:f277e6d568e88f0698a0ce1f2dc719d90717ffe99c8622302f65389f2a8ed01c,1952
    pantry-tree:
      size: 1449
      sha256: 8c4dd60221760f9fdc9298baa72ff6cd4ed6ee32353141b04cf243d9286b314e
  original:
    hackage: argparser-0.3.4@sha256:f277e6d568e88f0698a0ce1f2dc719d90717ffe99c8622302f65389f2a8ed01c,1952
- completed:
    hackage: bitwise-1.0.0.1@sha256:fa039fd82ac6320e069922d2afbb3ba5c3de95e21db922cfdf7734fbab5ccdc0,3110
    pantry-tree:
      size: 760
      sha256: 9bc8591f687afc8515a2d974d55724aac188592913edcac5384222d2f7fe840b
  original:
    hackage: bitwise-1.0.0.1@sha256:fa039fd82ac6320e069922d2afbb3ba5c3de95e21db922cfdf7734fbab5ccdc0,3110
- completed:
    hackage: GraphSCC-1.0.4@sha256:dc3c6d6c59c15a50c9ce701bdead86f19bc2367e0d30c81a7bf55ccc6e5bd04d,936
    pantry-tree:
      size: 333
      sha256: 9a52cc3eafbca3ab1b9f7e3de63f7311ae82ec1cdaa1202eead796011e47bc25
  original:
    hackage: GraphSCC-1.0.4@sha256:dc3c6d6c59c15a50c9ce701bdead86f19bc2367e0d30c81a7bf55ccc6e5bd04d,936
- completed:
    hackage: Unique-0.4.7.6@sha256:a1ff411f4d68c756e01e8d532fbe8e57f1ac77f2cc0ee8a999770be2bca185c5,2723
    pantry-tree:
      size: 1366
      sha256: 587d279ff94e8d6f43da3710634ca3611fa4f6886b1e541a73c69303c00297b9
  original:
    hackage: Unique-0.4.7.6@sha256:a1ff411f4d68c756e01e8d532fbe8e57f1ac77f2cc0ee8a999770be2bca185c5,2723
- completed:
    hackage: z3-408.0@sha256:89bbc2d828dc1fe1f19666e8e501c69ce5d0ed8026e4a02f7eae1e69f4a352af,4052
    pantry-tree:
      size: 1475
      sha256: a1d51f6016ac5958618d274210d208557072924e93b4ec59fe0ad3418851ca3d
  original:
    hackage: z3-408.0@sha256:89bbc2d828dc1fe1f19666e8e501c69ce5d0ed8026e4a02f7eae1e69f4a352af,4052
snapshots:
- completed:
    size: 523448
    url: https://raw.githubusercontent.com/commercialhaskell/stackage-snapshots/master/lts/14/1.yaml
    sha256: 0045b9bae36c3bb2dd374c29b586389845af1557eea0423958d152fc500d4fbf
  original: lts-14.1
